GEM
  remote: https://rubygems.org/
  specs:
    aws-eventstream (1.4.0)
    aws-partitions (1.1220.0)
    aws-sdk-core (3.242.0)
      aws-eventstream (~> 1, >= 1.3.0)
      aws-partitions (~> 1, >= 1.992.0)
      aws-sigv4 (~> 1.9)
      base64
      bigdecimal
      jmespath (~> 1, >= 1.6.1)
      logger
    aws-sdk-kms (1.122.0)
      aws-sdk-core (~> 3, >= 3.241.4)
      aws-sigv4 (~> 1.5)
    aws-sdk-s3 (1.213.0)
      aws-sdk-core (~> 3, >= 3.241.4)
      aws-sdk-kms (~> 1)
      aws-sigv4 (~> 1.5)
    aws-sigv4 (1.12.1)
      aws-eventstream (~> 1, >= 1.0.2)
    base64 (0.3.0)
    bigdecimal (4.0.1)
    concurrent-ruby (1.3.6)
    dotenv (3.2.0)
    drb (2.2.3)
    dry-core (1.2.0)
      concurrent-ruby (~> 1.0)
      logger
      zeitwerk (~> 2.6)
    dry-inflector (1.3.1)
    dry-logic (1.6.0)
      bigdecimal
      concurrent-ruby (~> 1.0)
      dry-core (~> 1.1)
      zeitwerk (~> 2.6)
    dry-struct (1.8.0)
      dry-core (~> 1.1)
      dry-types (~> 1.8, >= 1.8.2)
      ice_nine (~> 0.11)
      zeitwerk (~> 2.6)
    dry-types (1.9.1)
      bigdecimal (>= 3.0)
      concurrent-ruby (~> 1.0)
      dry-core (~> 1.0)
      dry-inflector (~> 1.0)
      dry-logic (~> 1.4)
      zeitwerk (~> 2.6)
    et-orbi (1.4.0)
      tzinfo
    fugit (1.12.1)
      et-orbi (~> 1.4)
      raabro (~> 1.4)
    ice_nine (0.11.2)
    jmespath (1.6.2)
    logger (1.7.0)
    minitest (6.0.2)
      drb (~> 2.0)
      prism (~> 1.5)
    mocha (3.0.2)
      ruby2_keywords (>= 0.0.5)
    prism (1.9.0)
    raabro (1.4.0)
    rake (13.3.1)
    rexml (3.4.4)
    ruby2_keywords (0.0.5)
    rufus-scheduler (3.9.2)
      fugit (~> 1.1, >= 1.11.1)
    tzinfo (2.0.6)
      concurrent-ruby (~> 1.0)
    zeitwerk (2.7.5)

PLATFORMS
  arm64-darwin-23
  ruby

DEPENDENCIES
  aws-sdk-s3
  dotenv
  dry-struct
  dry-types
  minitest
  mocha
  rake
  rexml
  rufus-scheduler

BUNDLED WITH
   2.6.9
